github.com/EndFirstCorp/execfactory v0.0.0-20191008010008-8f6e4310d93c h1:AvmSyWTRBBkBgBhemK0J462adlN/BrS9XCCLxucQ0JU=
github.com/EndFirstCorp/execfactory v0.0.0-20191008010008-8f6e4310d93c/go.mod h1:NiSw4A+EwiI5hB8KlAQU3zr79gFhC9OPTvbk2f3v2FA=
github.com/radovskyb/watcher v1.0.7 h1:AYePLih6dpmS32vlHfhCeli8127LzkIgwJGcwwe8tUE=
github.com/radovskyb/watcher v1.0.7/go.mod h1:78okwvY5wPdzcb1UYnip1pvrZNIVEIh/Cm+ZuvsUYIg=
